// !$*UTF8*$!
{
	archiveVersion = 1;
	classes = {
	};
	objectVersion = 50;
	objects = {

/* Begin PBXBuildFile section */
		34051AEB25B9B8F900469B37 /* MyOclockUITests.swift in Sources */ = {isa = PBXBuildFile; fileRef = 34051AEA25B9B8F900469B37 /* MyOclockUITests.swift */; };
		34051AFC25B9B90900469B37 /* MyOclockTests.swift in Sources */ = {isa = PBXBuildFile; fileRef = 34051AFB25B9B90900469B37 /* MyOclockTests.swift */; };
		344876552594D8A000D295AD /* WidgetKit.framework in Frameworks */ = {isa = PBXBuildFile; fileRef = 344876542594D8A000D295AD /* WidgetKit.framework */; };
		344876572594D8A000D295AD /* SwiftUI.framework in Frameworks */ = {isa = PBXBuildFile; fileRef = 344876562594D8A000D295AD /* SwiftUI.framework */; };
		3448765A2594D8A000D295AD /* OclockWidget.swift in Sources */ = {isa = PBXBuildFile; fileRef = 344876592594D8A000D295AD /* OclockWidget.swift */; };
		3448765D2594D8A200D295AD /* Assets.xcassets in Resources */ = {isa = PBXBuildFile; fileRef = 3448765C2594D8A200D295AD /* Assets.xcassets */; };
		3448765F2594D8A200D295AD /* OclockWidget.intentdefinition in Sources */ = {isa = PBXBuildFile; fileRef = 3448765B2594D8A000D295AD /* OclockWidget.intentdefinition */; };
		344876602594D8A200D295AD /* OclockWidget.intentdefinition in Sources */ = {isa = PBXBuildFile; fileRef = 3448765B2594D8A000D295AD /* OclockWidget.intentdefinition */; };
		3448766B2595FD0100D295AD /* OclockWidgetExtension.appex in Embed App Extensions */ = {isa = PBXBuildFile; fileRef = 344876522594D8A000D295AD /* OclockWidgetExtension.appex */; settings = {ATTRIBUTES = (RemoveHeadersOnCopy, ); }; };
		3458E5A625261AC500E37400 /* StopWatch.swift in Sources */ = {isa = PBXBuildFile; fileRef = 3458E5A525261AC500E37400 /* StopWatch.swift */; };
		34ECC517252001EA003908DF /* AppDelegate.swift in Sources */ = {isa = PBXBuildFile; fileRef = 34ECC516252001EA003908DF /* AppDelegate.swift */; };
		34ECC519252001EA003908DF /* SceneDelegate.swift in Sources */ = {isa = PBXBuildFile; fileRef = 34ECC518252001EA003908DF /* SceneDelegate.swift */; };
		34ECC51B252001EA003908DF /* ViewController.swift in Sources */ = {isa = PBXBuildFile; fileRef = 34ECC51A252001EA003908DF /* ViewController.swift */; };
		34ECC51E252001EA003908DF /* Main.storyboard in Resources */ = {isa = PBXBuildFile; fileRef = 34ECC51C252001EA003908DF /* Main.storyboard */; };
		34ECC520252001EC003908DF /* Assets.xcassets in Resources */ = {isa = PBXBuildFile; fileRef = 34ECC51F252001EC003908DF /* Assets.xcassets */; };
		34ECC523252001EC003908DF /* LaunchScreen.storyboard in Resources */ = {isa = PBXBuildFile; fileRef = 34ECC521252001EC003908DF /* LaunchScreen.storyboard */; };
/* End PBXBuildFile section */

/* Begin PBXContainerItemProxy section */
		34051AED25B9B8F900469B37 /* PBXContainerItemProxy */ = {
			isa = PBXContainerItemProxy;
			containerPortal = 34ECC50B252001EA003908DF /* Project object */;
			proxyType = 1;
			remoteGlobalIDString = 34ECC512252001EA003908DF;
			remoteInfo = MyOclock;
		};
		34051AFE25B9B90900469B37 /* PBXContainerItemProxy */ = {
			isa = PBXContainerItemProxy;
			containerPortal = 34ECC50B252001EA003908DF /* Project object */;
			proxyType = 1;
			remoteGlobalIDString = 34ECC512252001EA003908DF;
			remoteInfo = MyOclock;
		};
		344876612594D8A200D295AD /* PBXContainerItemProxy */ = {
			isa = PBXContainerItemProxy;
			containerPortal = 34ECC50B252001EA003908DF /* Project object */;
			proxyType = 1;
			remoteGlobalIDString = 344876512594D8A000D295AD;
			remoteInfo = OclockWidgetExtension;
		};
/* End PBXContainerItemProxy section */

/* Begin PBXCopyFilesBuildPhase section */
		344876642594D8A200D295AD /* Embed App Extensions */ = {
			isa = PBXCopyFilesBuildPhase;
			buildActionMask = 2147483647;
			dstPath = "";
			dstSubfolderSpec = 13;
			files = (
				3448766B2595FD0100D295AD /* OclockWidgetExtension.appex in Embed App Extensions */,
			);
			name = "Embed App Extensions";
			runOnlyForDeploymentPostprocessing = 0;
		};
/* End PBXCopyFilesBuildPhase section */

/* Begin PBXFileReference section */
		34051AE825B9B8F900469B37 /* MyOclockUITests.xctest */ = {isa = PBXFileReference; explicitFileType = wrapper.cfbundle; includeInIndex = 0; path = MyOclockUITests.xctest; sourceTree = BUILT_PRODUCTS_DIR; };
		34051AEA25B9B8F900469B37 /* MyOclockUITests.swift */ = {isa = PBXFileReference; lastKnownFileType = sourcecode.swift; path = MyOclockUITests.swift; sourceTree = "<group>"; };
		34051AEC25B9B8F900469B37 /* Info.plist */ = {isa = PBXFileReference; lastKnownFileType = text.plist.xml; path = Info.plist; sourceTree = "<group>"; };
		34051AF925B9B90900469B37 /* MyOclockTests.xctest */ = {isa = PBXFileReference; explicitFileType = wrapper.cfbundle; includeInIndex = 0; path = MyOclockTests.xctest; sourceTree = BUILT_PRODUCTS_DIR; };
		34051AFB25B9B90900469B37 /* MyOclockTests.swift */ = {isa = PBXFileReference; lastKnownFileType = sourcecode.swift; path = MyOclockTests.swift; sourceTree = "<group>"; };
		34051AFD25B9B90900469B37 /* Info.plist */ = {isa = PBXFileReference; lastKnownFileType = text.plist.xml; path = Info.plist; sourceTree = "<group>"; };
		344876522594D8A000D295AD /* OclockWidgetExtension.appex */ = {isa = PBXFileReference; explicitFileType = "wrapper.app-extension"; includeInIndex = 0; path = OclockWidgetExtension.appex; sourceTree = BUILT_PRODUCTS_DIR; };
		344876542594D8A000D295AD /* WidgetKit.framework */ = {isa = PBXFileReference; lastKnownFileType = wrapper.framework; name = WidgetKit.framework; path = System/Library/Frameworks/WidgetKit.framework; sourceTree = SDKROOT; };
		344876562594D8A000D295AD /* SwiftUI.framework */ = {isa = PBXFileReference; lastKnownFileType = wrapper.framework; name = SwiftUI.framework; path = System/Library/Frameworks/SwiftUI.framework; sourceTree = SDKROOT; };
		344876592594D8A000D295AD /* OclockWidget.swift */ = {isa = PBXFileReference; indentWidth = 4; lastKnownFileType = sourcecode.swift; path = OclockWidget.swift; sourceTree = "<group>"; tabWidth = 4; };
		3448765B2594D8A000D295AD /* OclockWidget.intentdefinition */ = {isa = PBXFileReference; lastKnownFileType = file.intentdefinition; path = OclockWidget.intentdefinition; sourceTree = "<group>"; };
		3448765C2594D8A200D295AD /* Assets.xcassets */ = {isa = PBXFileReference; lastKnownFileType = folder.assetcatalog; path = Assets.xcassets; sourceTree = "<group>"; };
		3448765E2594D8A200D295AD /* Info.plist */ = {isa = PBXFileReference; lastKnownFileType = text.plist.xml; path = Info.plist; sourceTree = "<group>"; };
		3458E5A525261AC500E37400 /* StopWatch.swift */ = {isa = PBXFileReference; lastKnownFileType = sourcecode.swift; path = StopWatch.swift; sourceTree = "<group>"; };
		34ECC513252001EA003908DF /* MyOclock.app */ = {isa = PBXFileReference; explicitFileType = wrapper.application; includeInIndex = 0; path = MyOclock.app; sourceTree = BUILT_PRODUCTS_DIR; };
		34ECC516252001EA003908DF /* AppDelegate.swift */ = {isa = PBXFileReference; lastKnownFileType = sourcecode.swift; path = AppDelegate.swift; sourceTree = "<group>"; };
		34ECC518252001EA003908DF /* SceneDelegate.swift */ = {isa = PBXFileReference; lastKnownFileType = sourcecode.swift; path = SceneDelegate.swift; sourceTree = "<group>"; };
		34ECC51A252001EA003908DF /* ViewController.swift */ = {isa = PBXFileReference; lastKnownFileType = sourcecode.swift; path = ViewController.swift; sourceTree = "<group>"; };
		34ECC51D252001EA003908DF /* Base */ = {isa = PBXFileReference; lastKnownFileType = file.storyboard; name = Base; path = Base.lproj/Main.storyboard; sourceTree = "<group>"; };
		34ECC51F252001EC003908DF /* Assets.xcassets */ = {isa = PBXFileReference; lastKnownFileType = folder.assetcatalog; path = Assets.xcassets; sourceTree = "<group>"; };
		34ECC522252001EC003908DF /* Base */ = {isa = PBXFileReference; lastKnownFileType = file.storyboard; name = Base; path = Base.lproj/LaunchScreen.storyboard; sourceTree = "<group>"; };
		34ECC524252001EC003908DF /* Info.plist */ = {isa = PBXFileReference; lastKnownFileType = text.plist.xml; path = Info.plist; sourceTree = "<group>"; };
/* End PBXFileReference section */

/* Begin PBXFrameworksBuildPhase section */
		34051AE525B9B8F900469B37 /* Frameworks */ = {
			isa = PBXFrameworksBuildPhase;
			buildActionMask = 2147483647;
			files = (
			);
			runOnlyForDeploymentPostprocessing = 0;
		};
		34051AF625B9B90900469B37 /* Frameworks */ = {
			isa = PBXFrameworksBuildPhase;
			buildActionMask = 2147483647;
			files = (
			);
			runOnlyForDeploymentPostprocessing = 0;
		};
		3448764F2594D8A000D295AD /* Frameworks */ = {
			isa = PBXFrameworksBuildPhase;
			buildActionMask = 2147483647;
			files = (
				344876572594D8A000D295AD /* SwiftUI.framework in Frameworks */,
				344876552594D8A000D295AD /* WidgetKit.framework in Frameworks */,
			);
			runOnlyForDeploymentPostprocessing = 0;
		};
		34ECC510252001EA003908DF /* Frameworks */ = {
			isa = PBXFrameworksBuildPhase;
			buildActionMask = 2147483647;
			files = (
			);
			runOnlyForDeploymentPostprocessing = 0;
		};
/* End PBXFrameworksBuildPhase section */

/* Begin PBXGroup section */
		34051AE925B9B8F900469B37 /* MyOclockUITests */ = {
			isa = PBXGroup;
			children = (
				34051AEA25B9B8F900469B37 /* MyOclockUITests.swift */,
				34051AEC25B9B8F900469B37 /* Info.plist */,
			);
			path = MyOclockUITests;
			sourceTree = "<group>";
		};
		34051AFA25B9B90900469B37 /* MyOclockTests */ = {
			isa = PBXGroup;
			children = (
				34051AFB25B9B90900469B37 /* MyOclockTests.swift */,
				34051AFD25B9B90900469B37 /* Info.plist */,
			);
			path = MyOclockTests;
			sourceTree = "<group>";
		};
		344876532594D8A000D295AD /* Frameworks */ = {
			isa = PBXGroup;
			children = (
				344876542594D8A000D295AD /* WidgetKit.framework */,
				344876562594D8A000D295AD /* SwiftUI.framework */,
			);
			name = Frameworks;
			sourceTree = "<group>";
		};
		344876582594D8A000D295AD /* OclockWidget */ = {
			isa = PBXGroup;
			children = (
				344876592594D8A000D295AD /* OclockWidget.swift */,
				3448765B2594D8A000D295AD /* OclockWidget.intentdefinition */,
				3448765C2594D8A200D295AD /* Assets.xcassets */,
				3448765E2594D8A200D295AD /* Info.plist */,
			);
			path = OclockWidget;
			sourceTree = "<group>";
		};
		34ECC50A252001EA003908DF = {
			isa = PBXGroup;
			children = (
				34ECC515252001EA003908DF /* MyOclock */,
				344876582594D8A000D295AD /* OclockWidget */,
				34051AE925B9B8F900469B37 /* MyOclockUITests */,
				34051AFA25B9B90900469B37 /* MyOclockTests */,
				344876532594D8A000D295AD /* Frameworks */,
				34ECC514252001EA003908DF /* Products */,
			);
			sourceTree = "<group>";
		};
		34ECC514252001EA003908DF /* Products */ = {
			isa = PBXGroup;
			children = (
				34ECC513252001EA003908DF /* MyOclock.app */,
				344876522594D8A000D295AD /* OclockWidgetExtension.appex */,
				34051AE825B9B8F900469B37 /* MyOclockUITests.xctest */,
				34051AF925B9B90900469B37 /* MyOclockTests.xctest */,
			);
			name = Products;
			sourceTree = "<group>";
		};
		34ECC515252001EA003908DF /* MyOclock */ = {
			isa = PBXGroup;
			children = (
				34ECC516252001EA003908DF /* AppDelegate.swift */,
				34ECC518252001EA003908DF /* SceneDelegate.swift */,
				34ECC51A252001EA003908DF /* ViewController.swift */,
				3458E5A525261AC500E37400 /* StopWatch.swift */,
				34ECC51C252001EA003908DF /* Main.storyboard */,
				34ECC51F252001EC003908DF /* Assets.xcassets */,
				34ECC521252001EC003908DF /* LaunchScreen.storyboard */,
				34ECC524252001EC003908DF /* Info.plist */,
			);
			path = MyOclock;
			sourceTree = "<group>";
		};
/* End PBXGroup section */

/* Begin PBXNativeTarget section */
		34051AE725B9B8F900469B37 /* MyOclockUITests */ = {
			isa = PBXNativeTarget;
			buildConfigurationList = 34051AEF25B9B8F900469B37 /* Build configuration list for PBXNativeTarget "MyOclockUITests" */;
			buildPhases = (
				34051AE425B9B8F900469B37 /* Sources */,
				34051AE525B9B8F900469B37 /* Frameworks */,
				34051AE625B9B8F900469B37 /* Resources */,
			);
			buildRules = (
			);
			dependencies = (
				34051AEE25B9B8F900469B37 /* PBXTargetDependency */,
			);
			name = MyOclockUITests;
			productName = MyOclockUITests;
			productReference = 34051AE825B9B8F900469B37 /* MyOclockUITests.xctest */;
			productType = "com.apple.product-type.bundle.ui-testing";
		};
		34051AF825B9B90900469B37 /* MyOclockTests */ = {
			isa = PBXNativeTarget;
			buildConfigurationList = 34051B0025B9B90900469B37 /* Build configuration list for PBXNativeTarget "MyOclockTests" */;
			buildPhases = (
				34051AF525B9B90900469B37 /* Sources */,
				34051AF625B9B90900469B37 /* Frameworks */,
				34051AF725B9B90900469B37 /* Resources */,
			);
			buildRules = (
			);
			dependencies = (
				34051AFF25B9B90900469B37 /* PBXTargetDependency */,
			);
			name = MyOclockTests;
			productName = MyOclockTests;
			productReference = 34051AF925B9B90900469B37 /* MyOclockTests.xctest */;
			productType = "com.apple.product-type.bundle.unit-test";
		};
		344876512594D8A000D295AD /* OclockWidgetExtension */ = {
			isa = PBXNativeTarget;
			buildConfigurationList = 344876672594D8A200D295AD /* Build configuration list for PBXNativeTarget "OclockWidgetExtension" */;
			buildPhases = (
				3448764E2594D8A000D295AD /* Sources */,
				3448764F2594D8A000D295AD /* Frameworks */,
				344876502594D8A000D295AD /* Resources */,
			);
			buildRules = (
			);
			dependencies = (
			);
			name = OclockWidgetExtension;
			productName = OclockWidgetExtension;
			productReference = 344876522594D8A000D295AD /* OclockWidgetExtension.appex */;
			productType = "com.apple.product-type.app-extension";
		};
		34ECC512252001EA003908DF /* MyOclock */ = {
			isa = PBXNativeTarget;
			buildConfigurationList = 34ECC527252001EC003908DF /* Build configuration list for PBXNativeTarget "MyOclock" */;
			buildPhases = (
				34ECC50F252001EA003908DF /* Sources */,
				34ECC510252001EA003908DF /* Frameworks */,
				34ECC511252001EA003908DF /* Resources */,
				344876642594D8A200D295AD /* Embed App Extensions */,
			);
			buildRules = (
			);
			dependencies = (
				344876622594D8A200D295AD /* PBXTargetDependency */,
			);
			name = MyOclock;
			productName = MyOclock;
			productReference = 34ECC513252001EA003908DF /* MyOclock.app */;
			productType = "com.apple.product-type.application";
		};
/* End PBXNativeTarget section */

/* Begin PBXProject section */
		34ECC50B252001EA003908DF /* Project object */ = {
			isa = PBXProject;
			attributes = {
				LastSwiftUpdateCheck = 1230;
				LastUpgradeCheck = 1160;
				ORGANIZATIONNAME = thama;
				TargetAttributes = {
					34051AE725B9B8F900469B37 = {
						CreatedOnToolsVersion = 12.3;
						TestTargetID = 34ECC512252001EA003908DF;
					};
					34051AF825B9B90900469B37 = {
						CreatedOnToolsVersion = 12.3;
						TestTargetID = 34ECC512252001EA003908DF;
					};
					344876512594D8A000D295AD = {
						CreatedOnToolsVersion = 12.2;
					};
					34ECC512252001EA003908DF = {
						CreatedOnToolsVersion = 11.6;
					};
				};
			};
			buildConfigurationList = 34ECC50E252001EA003908DF /* Build configuration list for PBXProject "MyOclock" */;
			compatibilityVersion = "Xcode 9.3";
			developmentRegion = en;
			hasScannedForEncodings = 0;
			knownRegions = (
				en,
				Base,
			);
			mainGroup = 34ECC50A252001EA003908DF;
			productRefGroup = 34ECC514252001EA003908DF /* Products */;
			projectDirPath = "";
			projectRoot = "";
			targets = (
				34ECC512252001EA003908DF /* MyOclock */,
				344876512594D8A000D295AD /* OclockWidgetExtension */,
				34051AE725B9B8F900469B37 /* MyOclockUITests */,
				34051AF825B9B90900469B37 /* MyOclockTests */,
			);
		};
/* End PBXProject section */

/* Begin PBXResourcesBuildPhase section */
		34051AE625B9B8F900469B37 /* Resources */ = {
			isa = PBXResourcesBuildPhase;
			buildActionMask = 2147483647;
			files = (
			);
			runOnlyForDeploymentPostprocessing = 0;
		};
		34051AF725B9B90900469B37 /* Resources */ = {
			isa = PBXResourcesBuildPhase;
			buildActionMask = 2147483647;
			files = (
			);
			runOnlyForDeploymentPostprocessing = 0;
		};
		344876502594D8A000D295AD /* Resources */ = {
			isa = PBXResourcesBuildPhase;
			buildActionMask = 2147483647;
			files = (
				3448765D2594D8A200D295AD /* Assets.xcassets in Resources */,
			);
			runOnlyForDeploymentPostprocessing = 0;
		};
		34ECC511252001EA003908DF /* Resources */ = {
			isa = PBXResourcesBuildPhase;
			buildActionMask = 2147483647;
			files = (
				34ECC523252001EC003908DF /* LaunchScreen.storyboard in Resources */,
				34ECC520252001EC003908DF /* Assets.xcassets in Resources */,
				34ECC51E252001EA003908DF /* Main.storyboard in Resources */,
			);
			runOnlyForDeploymentPostprocessing = 0;
		};
/* End PBXResourcesBuildPhase section */

/* Begin PBXSourcesBuildPhase section */
		34051AE425B9B8F900469B37 /* Sources */ = {
			isa = PBXSourcesBuildPhase;
			buildActionMask = 2147483647;
			files = (
				34051AEB25B9B8F900469B37 /* MyOclockUITests.swift in Sources */,
			);
			runOnlyForDeploymentPostprocessing = 0;
		};
		34051AF525B9B90900469B37 /* Sources */ = {
			isa = PBXSourcesBuildPhase;
			buildActionMask = 2147483647;
			files = (
				34051AFC25B9B90900469B37 /* MyOclockTests.swift in Sources */,
			);
			runOnlyForDeploymentPostprocessing = 0;
		};
		3448764E2594D8A000D295AD /* Sources */ = {
			isa = PBXSourcesBuildPhase;
			buildActionMask = 2147483647;
			files = (
				3448765A2594D8A000D295AD /* OclockWidget.swift in Sources */,
				3448765F2594D8A200D295AD /* OclockWidget.intentdefinition in Sources */,
			);
			runOnlyForDeploymentPostprocessing = 0;
		};
		34ECC50F252001EA003908DF /* Sources */ = {
			isa = PBXSourcesBuildPhase;
			buildActionMask = 2147483647;
			files = (
				34ECC51B252001EA003908DF /* ViewController.swift in Sources */,
				34ECC517252001EA003908DF /* AppDelegate.swift in Sources */,
				344876602594D8A200D295AD /* OclockWidget.intentdefinition in Sources */,
				34ECC519252001EA003908DF /* SceneDelegate.swift in Sources */,
				3458E5A625261AC500E37400 /* StopWatch.swift in Sources */,
			);
			runOnlyForDeploymentPostprocessing = 0;
		};
/* End PBXSourcesBuildPhase section */

/* Begin PBXTargetDependency section */
		34051AEE25B9B8F900469B37 /* PBXTargetDependency */ = {
			isa = PBXTargetDependency;
			target = 34ECC512252001EA003908DF /* MyOclock */;
			targetProxy = 34051AED25B9B8F900469B37 /* PBXContainerItemProxy */;
		};
		34051AFF25B9B90900469B37 /* PBXTargetDependency */ = {
			isa = PBXTargetDependency;
			target = 34ECC512252001EA003908DF /* MyOclock */;
			targetProxy = 34051AFE25B9B90900469B37 /* PBXContainerItemProxy */;
		};
		344876622594D8A200D295AD /* PBXTargetDependency */ = {
			isa = PBXTargetDependency;
			target = 344876512594D8A000D295AD /* OclockWidgetExtension */;
			targetProxy = 344876612594D8A200D295AD /* PBXContainerItemProxy */;
		};
/* End PBXTargetDependency section */

/* Begin PBXVariantGroup section */
		34ECC51C252001EA003908DF /* Main.storyboard */ = {
			isa = PBXVariantGroup;
			children = (
				34ECC51D252001EA003908DF /* Base */,
			);
			name = Main.storyboard;
			sourceTree = "<group>";
		};
		34ECC521252001EC003908DF /* LaunchScreen.storyboard */ = {
			isa = PBXVariantGroup;
			children = (
				34ECC522252001EC003908DF /* Base */,
			);
			name = LaunchScreen.storyboard;
			sourceTree = "<group>";
		};
/* End PBXVariantGroup section */

/* Begin XCBuildConfiguration section */
		34051AF025B9B8F900469B37 /* Debug */ = {
			isa = XCBuildConfiguration;
			buildSettings = {
				CLANG_WARN_QUOTED_INCLUDE_IN_FRAMEWORK_HEADER = YES;
				CODE_SIGN_STYLE = Automatic;
				DEVELOPMENT_TEAM = D93ZL5U376;
				INFOPLIST_FILE = MyOclockUITests/Info.plist;
				IPHONEOS_DEPLOYMENT_TARGET = 14.3;
				LD_RUNPATH_SEARCH_PATHS = (
					"$(inherited)",
					"@executable_path/Frameworks",
					"@loader_path/Frameworks",
				);
				PRODUCT_BUNDLE_IDENTIFIER = "-1331104th.tama.ac.jp.MyOclockUITests";
				PRODUCT_NAME = "$(TARGET_NAME)";
				SWIFT_VERSION = 5.0;
				TARGETED_DEVICE_FAMILY = "1,2";
				TEST_TARGET_NAME = MyOclock;
			};
			name = Debug;
		};
		34051AF125B9B8F900469B37 /* Release */ = {
			isa = XCBuildConfiguration;
			buildSettings = {
				CLANG_WARN_QUOTED_INCLUDE_IN_FRAMEWORK_HEADER = YES;
				CODE_SIGN_STYLE = Automatic;
				DEVELOPMENT_TEAM = D93ZL5U376;
				INFOPLIST_FILE = MyOclockUITests/Info.plist;
				IPHONEOS_DEPLOYMENT_TARGET = 14.3;
				LD_RUNPATH_SEARCH_PATHS = (
					"$(inherited)",
					"@executable_path/Frameworks",
					"@loader_path/Frameworks",
				);
				PRODUCT_BUNDLE_IDENTIFIER = "-1331104th.tama.ac.jp.MyOclockUITests";
				PRODUCT_NAME = "$(TARGET_NAME)";
				SWIFT_VERSION = 5.0;
				TARGETED_DEVICE_FAMILY = "1,2";
				TEST_TARGET_NAME = MyOclock;
			};
			name = Release;
		};
		34051B0125B9B90900469B37 /* Debug */ = {
			isa = XCBuildConfiguration;
			buildSettings = {
				BUNDLE_LOADER = "$(TEST_HOST)";
				CLANG_WARN_QUOTED_INCLUDE_IN_FRAMEWORK_HEADER = YES;
				CODE_SIGN_STYLE = Automatic;
				DEVELOPMENT_TEAM = D93ZL5U376;
				INFOPLIST_FILE = MyOclockTests/Info.plist;
				IPHONEOS_DEPLOYMENT_TARGET = 14.3;
				LD_RUNPATH_SEARCH_PATHS = (
					"$(inherited)",
					"@executable_path/Frameworks",
					"@loader_path/Frameworks",
				);
				PRODUCT_BUNDLE_IDENTIFIER = "-1331104th.tama.ac.jp.MyOclockTests";
				PRODUCT_NAME = "$(TARGET_NAME)";
				SWIFT_VERSION = 5.0;
				TARGETED_DEVICE_FAMILY = "1,2";
				TEST_HOST = "$(BUILT_PRODUCTS_DIR)/MyOclock.app/MyOclock";
			};
			name = Debug;
		};
		34051B0225B9B90900469B37 /* Release */ = {
			isa = XCBuildConfiguration;
			buildSettings = {
				BUNDLE_LOADER = "$(TEST_HOST)";
				CLANG_WARN_QUOTED_INCLUDE_IN_FRAMEWORK_HEADER = YES;
				CODE_SIGN_STYLE = Automatic;
				DEVELOPMENT_TEAM = D93ZL5U376;
				INFOPLIST_FILE = MyOclockTests/Info.plist;
				IPHONEOS_DEPLOYMENT_TARGET = 14.3;
				LD_RUNPATH_SEARCH_PATHS = (
					"$(inherited)",
					"@executable_path/Frameworks",
					"@loader_path/Frameworks",
				);
				PRODUCT_BUNDLE_IDENTIFIER = "-1331104th.tama.ac.jp.MyOclockTests";
				PRODUCT_NAME = "$(TARGET_NAME)";
				SWIFT_VERSION = 5.0;
				TARGETED_DEVICE_FAMILY = "1,2";
				TEST_HOST = "$(BUILT_PRODUCTS_DIR)/MyOclock.app/MyOclock";
			};
			name = Release;
		};
		344876652594D8A200D295AD /* Debug */ = {
			isa = XCBuildConfiguration;
			buildSettings = {
				ASSETCATALOG_COMPILER_GLOBAL_ACCENT_COLOR_NAME = AccentColor;
				ASSETCATALOG_COMPILER_WIDGET_BACKGROUND_COLOR_NAME = WidgetBackground;
				CLANG_WARN_QUOTED_INCLUDE_IN_FRAMEWORK_HEADER = YES;
				CODE_SIGN_STYLE = Automatic;
				DEVELOPMENT_TEAM = D93ZL5U376;
				INFOPLIST_FILE = OclockWidget/Info.plist;
				IPHONEOS_DEPLOYMENT_TARGET = 14.2;
				LD_RUNPATH_SEARCH_PATHS = (
					"$(inherited)",
					"@executable_path/Frameworks",
					"@executable_path/../../Frameworks",
				);
				PRODUCT_BUNDLE_IDENTIFIER = "-1331104th.tama.ac.jp.MyOclock.OclockWidget";
				PRODUCT_NAME = "$(TARGET_NAME)";
				SKIP_INSTALL = YES;
				SWIFT_VERSION = 5.0;
				TARGETED_DEVICE_FAMILY = "1,2";
			};
			name = Debug;
		};
		344876662594D8A200D295AD /* Release */ = {
			isa = XCBuildConfiguration;
			buildSettings = {
				ASSETCATALOG_COMPILER_GLOBAL_ACCENT_COLOR_NAME = AccentColor;
				ASSETCATALOG_COMPILER_WIDGET_BACKGROUND_COLOR_NAME = WidgetBackground;
				CLANG_WARN_QUOTED_INCLUDE_IN_FRAMEWORK_HEADER = YES;
				CODE_SIGN_STYLE = Automatic;
				DEVELOPMENT_TEAM = D93ZL5U376;
				INFOPLIST_FILE = OclockWidget/Info.plist;
				IPHONEOS_DEPLOYMENT_TARGET = 14.2;
				LD_RUNPATH_SEARCH_PATHS = (
					"$(inherited)",
					"@executable_path/Frameworks",
					"@executable_path/../../Frameworks",
				);
				PRODUCT_BUNDLE_IDENTIFIER = "-1331104th.tama.ac.jp.MyOclock.OclockWidget";
				PRODUCT_NAME = "$(TARGET_NAME)";
				SKIP_INSTALL = YES;
				SWIFT_VERSION = 5.0;
				TARGETED_DEVICE_FAMILY = "1,2";
			};
			name = Release;
		};
		34ECC525252001EC003908DF /* Debug */ = {
			isa = XCBuildConfiguration;
			buildSettings = {
				ALWAYS_SEARCH_USER_PATHS = NO;
				CLANG_ANALYZER_NONNULL = YES;
				CLANG_ANALYZER_NUMBER_OBJECT_CONVERSION = YES_AGGRESSIVE;
				CLANG_CXX_LANGUAGE_STANDARD = "gnu++14";
				CLANG_CXX_LIBRARY = "libc++";
				CLANG_ENABLE_MODULES = YES;
				CLANG_ENABLE_OBJC_ARC = YES;
				CLANG_ENABLE_OBJC_WEAK = YES;
				CLANG_WARN_BLOCK_CAPTURE_AUTORELEASING = YES;
				CLANG_WARN_BOOL_CONVERSION = YES;
				CLANG_WARN_COMMA = YES;
				CLANG_WARN_CONSTANT_CONVERSION = YES;
				CLANG_WARN_DEPRECATED_OBJC_IMPLEMENTATIONS = YES;
				CLANG_WARN_DIRECT_OBJC_ISA_USAGE = YES_ERROR;
				CLANG_WARN_DOCUMENTATION_COMMENTS = YES;
				CLANG_WARN_EMPTY_BODY = YES;
				CLANG_WARN_ENUM_CONVERSION = YES;
				CLANG_WARN_INFINITE_RECURSION = YES;
				CLANG_WARN_INT_CONVERSION = YES;
				CLANG_WARN_NON_LITERAL_NULL_CONVERSION = YES;
				CLANG_WARN_OBJC_IMPLICIT_RETAIN_SELF = YES;
				CLANG_WARN_OBJC_LITERAL_CONVERSION = YES;
				CLANG_WARN_OBJC_ROOT_CLASS = YES_ERROR;
				CLANG_WARN_RANGE_LOOP_ANALYSIS = YES;
				CLANG_WARN_STRICT_PROTOTYPES = YES;
				CLANG_WARN_SUSPICIOUS_MOVE = YES;
				CLANG_WARN_UNGUARDED_AVAILABILITY = YES_AGGRESSIVE;
				CLANG_WARN_UNREACHABLE_CODE = YES;
				CLANG_WARN__DUPLICATE_METHOD_MATCH = YES;
				COPY_PHASE_STRIP = NO;
				DEBUG_INFORMATION_FORMAT = dwarf;
				ENABLE_STRICT_OBJC_MSGSEND = YES;
				ENABLE_TESTABILITY = YES;
				GCC_C_LANGUAGE_STANDARD = gnu11;
				GCC_DYNAMIC_NO_PIC = NO;
				GCC_NO_COMMON_BLOCKS = YES;
				GCC_OPTIMIZATION_LEVEL = 0;
				GCC_PREPROCESSOR_DEFINITIONS = (
					"DEBUG=1",
					"$(inherited)",
				);
				GCC_WARN_64_TO_32_BIT_CONVERSION = YES;
				GCC_WARN_ABOUT_RETURN_TYPE = YES_ERROR;
				GCC_WARN_UNDECLARED_SELECTOR = YES;
				GCC_WARN_UNINITIALIZED_AUTOS = YES_AGGRESSIVE;
				GCC_WARN_UNUSED_FUNCTION = YES;
				GCC_WARN_UNUSED_VARIABLE = YES;
				IPHONEOS_DEPLOYMENT_TARGET = 13.6;
				MTL_ENABLE_DEBUG_INFO = INCLUDE_SOURCE;
				MTL_FAST_MATH = YES;
				ONLY_ACTIVE_ARCH = YES;
				SDKROOT = iphoneos;
				SWIFT_ACTIVE_COMPILATION_CONDITIONS = DEBUG;
				SWIFT_OPTIMIZATION_LEVEL = "-Onone";
			};
			name = Debug;
		};
		34ECC526252001EC003908DF /* Release */ = {
			isa = XCBuildConfiguration;
			buildSettings = {
				ALWAYS_SEARCH_USER_PATHS = NO;
				CLANG_ANALYZER_NONNULL = YES;
				CLANG_ANALYZER_NUMBER_OBJECT_CONVERSION = YES_AGGRESSIVE;
				CLANG_CXX_LANGUAGE_STANDARD = "gnu++14";
				CLANG_CXX_LIBRARY = "libc++";
				CLANG_ENABLE_MODULES = YES;
				CLANG_ENABLE_OBJC_ARC = YES;
				CLANG_ENABLE_OBJC_WEAK = YES;
				CLANG_WARN_BLOCK_CAPTURE_AUTORELEASING = YES;
				CLANG_WARN_BOOL_CONVERSION = YES;
				CLANG_WARN_COMMA = YES;
				CLANG_WARN_CONSTANT_CONVERSION = YES;
				CLANG_WARN_DEPRECATED_OBJC_IMPLEMENTATIONS = YES;
				CLANG_WARN_DIRECT_OBJC_ISA_USAGE = YES_ERROR;
				CLANG_WARN_DOCUMENTATION_COMMENTS = YES;
				CLANG_WARN_EMPTY_BODY = YES;
				CLANG_WARN_ENUM_CONVERSION = YES;
				CLANG_WARN_INFINITE_RECURSION = YES;
				CLANG_WARN_INT_CONVERSION = YES;
				CLANG_WARN_NON_LITERAL_NULL_CONVERSION = YES;
				CLANG_WARN_OBJC_IMPLICIT_RETAIN_SELF = YES;
				CLANG_WARN_OBJC_LITERAL_CONVERSION = YES;
				CLANG_WARN_OBJC_ROOT_CLASS = YES_ERROR;
				CLANG_WARN_RANGE_LOOP_ANALYSIS = YES;
				CLANG_WARN_STRICT_PROTOTYPES = YES;
				CLANG_WARN_SUSPICIOUS_MOVE = YES;
				CLANG_WARN_UNGUARDED_AVAILABILITY = YES_AGGRESSIVE;
				CLANG_WARN_UNREACHABLE_CODE = YES;
				CLANG_WARN__DUPLICATE_METHOD_MATCH = YES;
				COPY_PHASE_STRIP = NO;
				DEBUG_INFORMATION_FORMAT = "dwarf-with-dsym";
				ENABLE_NS_ASSERTIONS = NO;
				ENABLE_STRICT_OBJC_MSGSEND = YES;
				GCC_C_LANGUAGE_STANDARD = gnu11;
				GCC_NO_COMMON_BLOCKS = YES;
				GCC_WARN_64_TO_32_BIT_CONVERSION = YES;
				GCC_WARN_ABOUT_RETURN_TYPE = YES_ERROR;
				GCC_WARN_UNDECLARED_SELECTOR = YES;
				GCC_WARN_UNINITIALIZED_AUTOS = YES_AGGRESSIVE;
				GCC_WARN_UNUSED_FUNCTION = YES;
				GCC_WARN_UNUSED_VARIABLE = YES;
				IPHONEOS_DEPLOYMENT_TARGET = 13.6;
				MTL_ENABLE_DEBUG_INFO = NO;
				MTL_FAST_MATH = YES;
				SDKROOT = iphoneos;
				SWIFT_COMPILATION_MODE = wholemodule;
				SWIFT_OPTIMIZATION_LEVEL = "-O";
				VALIDATE_PRODUCT = YES;
			};
			name = Release;
		};
		34ECC528252001EC003908DF /* Debug */ = {
			isa = XCBuildConfiguration;
			buildSettings = {
				ALWAYS_EMBED_SWIFT_STANDARD_LIBRARIES = YES;
				ASSETCATALOG_COMPILER_APPICON_NAME = "AppIcon-1";
				CODE_SIGN_STYLE = Automatic;
				CURRENT_PROJECT_VERSION = 1.06;
				DEVELOPMENT_ASSET_PATHS = MyOclock/thama.mobileprovision;
				DEVELOPMENT_TEAM = D93ZL5U376;
				INFOPLIST_FILE = MyOclock/Info.plist;
				LD_RUNPATH_SEARCH_PATHS = (
					"$(inherited)",
					"@executable_path/Frameworks",
				);
				MARKETING_VERSION = 1.5;
				PRODUCT_BUNDLE_IDENTIFIER = "-1331104th.tama.ac.jp.MyOclock";
				PRODUCT_NAME = "$(TARGET_NAME)";
				SWIFT_VERSION = 5.0;
				TARGETED_DEVICE_FAMILY = "1,2";
			};
			name = Debug;
		};
		34ECC529252001EC003908DF /* Release */ = {
			isa = XCBuildConfiguration;
			buildSettings = {
				ALWAYS_EMBED_SWIFT_STANDARD_LIBRARIES = YES;
				ASSETCATALOG_COMPILER_APPICON_NAME = "AppIcon-1";
				CODE_SIGN_STYLE = Automatic;
				CURRENT_PROJECT_VERSION = 1.06;
				DEVELOPMENT_ASSET_PATHS = MyOclock/thama.mobileprovision;
				DEVELOPMENT_TEAM = D93ZL5U376;
				INFOPLIST_FILE = MyOclock/Info.plist;
				LD_RUNPATH_SEARCH_PATHS = (
					"$(inherited)",
					"@executable_path/Frameworks",
				);
				MARKETING_VERSION = 1.5;
				PRODUCT_BUNDLE_IDENTIFIER = "-1331104th.tama.ac.jp.MyOclock";
				PRODUCT_NAME = "$(TARGET_NAME)";
				SWIFT_VERSION = 5.0;
				TARGETED_DEVICE_FAMILY = "1,2";
			};
			name = Release;
		};
/* End XCBuildConfiguration section */

/* Begin XCConfigurationList section */
		34051AEF25B9B8F900469B37 /* Build configuration list for PBXNativeTarget "MyOclockUITests" */ = {
			isa = XCConfigurationList;
			buildConfigurations = (
				34051AF025B9B8F900469B37 /* Debug */,
				34051AF125B9B8F900469B37 /* Release */,
			);
			defaultConfigurationIsVisible = 0;
			defaultConfigurationName = Release;
		};
		34051B0025B9B90900469B37 /* Build configuration list for PBXNativeTarget "MyOclockTests" */ = {
			isa = XCConfigurationList;
			buildConfigurations = (
				34051B0125B9B90900469B37 /* Debug */,
				34051B0225B9B90900469B37 /* Release */,
			);
			defaultConfigurationIsVisible = 0;
			defaultConfigurationName = Release;
		};
		344876672594D8A200D295AD /* Build configuration list for PBXNativeTarget "OclockWidgetExtension" */ = {
			isa = XCConfigurationList;
			buildConfigurations = (
				344876652594D8A200D295AD /* Debug */,
				344876662594D8A200D295AD /* Release */,
			);
			defaultConfigurationIsVisible = 0;
			defaultConfigurationName = Release;
		};
		34ECC50E252001EA003908DF /* Build configuration list for PBXProject "MyOclock" */ = {
			isa = XCConfigurationList;
			buildConfigurations = (
				34ECC525252001EC003908DF /* Debug */,
				34ECC526252001EC003908DF /* Release */,
			);
			defaultConfigurationIsVisible = 0;
			defaultConfigurationName = Release;
		};
		34ECC527252001EC003908DF /* Build configuration list for PBXNativeTarget "MyOclock" */ = {
			isa = XCConfigurationList;
			buildConfigurations = (
				34ECC528252001EC003908DF /* Debug */,
				34ECC529252001EC003908DF /* Release */,
			);
			defaultConfigurationIsVisible = 0;
			defaultConfigurationName = Release;
		};
/* End XCConfigurationList section */
	};
	rootObject = 34ECC50B252001EA003908DF /* Project object */;
}
